
Microsoft Visual Studio Solution File, Format Version 12.00
# Visual Studio Version 16
VisualStudioVersion = 16.0.28803.352
MinimumVisualStudioVersion = 10.0.40219.1
Project("{FAE04EC0-301F-11D3-BF4B-00C04F79EFBC}") = "AnimalDB.Web", "AnimalDB\AnimalDB.Web.csproj", "{40FDD1C6-DC77-472F-AC4A-0C369BF02D78}"
EndProject
Project("{FAE04EC0-301F-11D3-BF4B-00C04F79EFBC}") = "AnimalDB.Notifier", "AnimalDBNotifier\AnimalDB.Notifier.csproj", "{B2A6F71C-89DC-403B-91B5-24E0E23784B9}"
EndProject
Project("{FAE04EC0-301F-11D3-BF4B-00C04F79EFBC}") = "AnimalDB.Checker", "AnimalCheckChecker\AnimalDB.Checker.csproj", "{90106E2D-3FBF-4553-A3D8-7B26C1600DEA}"
EndProject
Project("{FAE04EC0-301F-11D3-BF4B-00C04F79EFBC}") = "AnimalDB.Repo", "AnimalDB.BLL\AnimalDB.Repo.csproj", "{6815A7E4-19C9-4763-A662-AD794E9D4CF9}"
EndProject
Project("{2150E333-8FDC-42A3-9474-1A3956D46DE8}") = "Secrets", "Secrets", "{830DB7D3-94BD-4BB7-A3C3-FEACB69FBFD7}"
	ProjectSection(SolutionItems) = preProject
		Secrets.config = Secrets.config
	EndProjectSection
EndProject
Global
	GlobalSection(SolutionConfigurationPlatforms) = preSolution
		Debug|Any CPU = Debug|Any CPU
		Release|Any CPU = Release|Any CPU
	EndGlobalSection
	GlobalSection(ProjectConfigurationPlatforms) = postSolution
		{40FDD1C6-DC77-472F-AC4A-0C369BF02D78}.Debug|Any CPU.ActiveCfg = Debug|Any CPU
		{40FDD1C6-DC77-472F-AC4A-0C369BF02D78}.Debug|Any CPU.Build.0 = Debug|Any CPU
		{40FDD1C6-DC77-472F-AC4A-0C369BF02D78}.Release|Any CPU.ActiveCfg = Release|Any CPU
		{40FDD1C6-DC77-472F-AC4A-0C369BF02D78}.Release|Any CPU.Build.0 = Release|Any CPU
		{B2A6F71C-89DC-403B-91B5-24E0E23784B9}.Debug|Any CPU.ActiveCfg = Debug|Any CPU
		{B2A6F71C-89DC-403B-91B5-24E0E23784B9}.Debug|Any CPU.Build.0 = Debug|Any CPU
		{B2A6F71C-89DC-403B-91B5-24E0E23784B9}.Release|Any CPU.ActiveCfg = Release|Any CPU
		{B2A6F71C-89DC-403B-91B5-24E0E23784B9}.Release|Any CPU.Build.0 = Release|Any CPU
		{90106E2D-3FBF-4553-A3D8-7B26C1600DEA}.Debug|Any CPU.ActiveCfg = Debug|Any CPU
		{90106E2D-3FBF-4553-A3D8-7B26C1600DEA}.Debug|Any CPU.Build.0 = Debug|Any CPU
		{90106E2D-3FBF-4553-A3D8-7B26C1600DEA}.Release|Any CPU.ActiveCfg = Release|Any CPU
		{90106E2D-3FBF-4553-A3D8-7B26C1600DEA}.Release|Any CPU.Build.0 = Release|Any CPU
		{6815A7E4-19C9-4763-A662-AD794E9D4CF9}.Debug|Any CPU.ActiveCfg = Debug|Any CPU
		{6815A7E4-19C9-4763-A662-AD794E9D4CF9}.Debug|Any CPU.Build.0 = Debug|Any CPU
		{6815A7E4-19C9-4763-A662-AD794E9D4CF9}.Release|Any CPU.ActiveCfg = Release|Any CPU
		{6815A7E4-19C9-4763-A662-AD794E9D4CF9}.Release|Any CPU.Build.0 = Release|Any CPU
	EndGlobalSection
	GlobalSection(SolutionProperties) = preSolution
		HideSolutionNode = FALSE
	EndGlobalSection
	GlobalSection(ExtensibilityGlobals) = postSolution
		SolutionGuid = {8E0146A3-4781-41D1-B87B-567183A5B8BE}
	EndGlobalSection
EndGlobal
